{
    "name": "mutsumi",
    "version": "0.0.1",
    "lockfileVersion": 3,
    "requires": true,
    "packages": {
        "": {
            "name": "mutsumi",
            "version": "0.0.1",
            "dependencies": {
                "@types/diff": "^8.0.0",
                "@types/vscode": "^1.108.1",
                "diff": "^8.0.3",
                "openai": "^6.17.0",
                "uuid": "^9.0.1",
                "web-tree-sitter": "^0.22.2"
            },
            "devDependencies": {
                "@types/node": "^18.0.0",
                "@types/uuid": "^9.0.8",
                "@types/vscode": "^1.108.1",
                "typescript": "^5.0.0"
            },
            "engines": {
                "vscode": "^1.80.0"
            }
        },
        "node_modules/@types/diff": {
            "version": "8.0.0",
            "resolved": "https://registry.npmmirror.com/@types/diff/-/diff-8.0.0.tgz",
            "integrity": "sha512-o7jqJM04gfaYrdCecCVMbZhNdG6T1MHg/oQoRFdERLV+4d+V7FijhiEAbFu0Usww84Yijk9yH58U4Jk4HbtzZw==",
            "deprecated": "This is a stub types definition. diff provides its own type definitions, so you do not need this installed.",
            "license": "MIT",
            "dependencies": {
                "diff": "*"
            }
        },
        "node_modules/@types/node": {
            "version": "18.19.130",
            "resolved": "https://registry.npmmirror.com/@types/node/-/node-18.19.130.tgz",
            "integrity": "sha512-GRaXQx6jGfL8sKfaIDD6OupbIHBr9jv7Jnaml9tB7l4v068PAOXqfcujMMo5PhbIs6ggR1XODELqahT2R8v0fg==",
            "dev": true,
            "license": "MIT",
            "dependencies": {
                "undici-types": "~5.26.4"
            }
        },
        "node_modules/@types/uuid": {
            "version": "9.0.8",
            "resolved": "https://registry.npmmirror.com/@types/uuid/-/uuid-9.0.8.tgz",
            "integrity": "sha512-jg+97EGIcY9AGHJJRaaPVgetKDsrTgbRjQ5Msgjh/DQKEFl0DtyRr/VCOyD1T2R1MNeWPK/u7JoGhlDZnKBAfA==",
            "dev": true,
            "license": "MIT"
        },
        "node_modules/@types/vscode": {
            "version": "1.108.1",
            "resolved": "https://registry.npmmirror.com/@types/vscode/-/vscode-1.108.1.tgz",
            "integrity": "sha512-DerV0BbSzt87TbrqmZ7lRDIYaMiqvP8tmJTzW2p49ZBVtGUnGAu2RGQd1Wv4XMzEVUpaHbsemVM5nfuQJj7H6w==",
            "dev": true,
            "license": "MIT"
        },
        "node_modules/diff": {
            "version": "8.0.3",
            "resolved": "https://registry.npmmirror.com/diff/-/diff-8.0.3.tgz",
            "integrity": "sha512-qejHi7bcSD4hQAZE0tNAawRK1ZtafHDmMTMkrrIGgSLl7hTnQHmKCeB45xAcbfTqK2zowkM3j3bHt/4b/ARbYQ==",
            "license": "BSD-3-Clause",
            "engines": {
                "node": ">=0.3.1"
            }
        },
        "node_modules/openai": {
            "version": "6.17.0",
            "resolved": "https://registry.npmmirror.com/openai/-/openai-6.17.0.tgz",
            "integrity": "sha512-NHRpPEUPzAvFOAFs9+9pC6+HCw/iWsYsKCMPXH5Kw7BpMxqd8g/A07/1o7Gx2TWtCnzevVRyKMRFqyiHyAlqcA==",
            "license": "Apache-2.0",
            "bin": {
                "openai": "bin/cli"
            },
            "peerDependencies": {
                "ws": "^8.18.0",
                "zod": "^3.25 || ^4.0"
            },
            "peerDependenciesMeta": {
                "ws": {
                    "optional": true
                },
                "zod": {
                    "optional": true
                }
            }
        },
        "node_modules/typescript": {
            "version": "5.9.3",
            "resolved": "https://registry.npmmirror.com/typescript/-/typescript-5.9.3.tgz",
            "integrity": "sha512-jl1vZzPDinLr9eUt3J/t7V6FgNEw9QjvBPdysz9KfQDD41fQrC2Y4vKQdiaUpFT4bXlb1RHhLpp8wtm6M5TgSw==",
            "dev": true,
            "license": "Apache-2.0",
            "bin": {
                "tsc": "bin/tsc",
                "tsserver": "bin/tsserver"
            },
            "engines": {
                "node": ">=14.17"
            }
        },
        "node_modules/undici-types": {
            "version": "5.26.5",
            "resolved": "https://registry.npmmirror.com/undici-types/-/undici-types-5.26.5.tgz",
            "integrity": "sha512-JlCMO+ehdEIKqlFxk6IfVoAUVmgz7cU7zD/h9XZ0qzeosSHmUJVOzSQvvYSYWXkFXC+IfLKSIffhv0sVZup6pA==",
            "dev": true,
            "license": "MIT"
        },
        "node_modules/uuid": {
            "version": "9.0.1",
            "resolved": "https://registry.npmmirror.com/uuid/-/uuid-9.0.1.tgz",
            "integrity": "sha512-b+1eJOlsR9K8HJpow9Ok3fiWOWSIcIzXodvv0rQjVoOVNpWMpxf1wZNpt4y9h10odCNrqnYp1OBzRktckBe3sA==",
            "funding": [
                "https://github.com/sponsors/broofa",
                "https://github.com/sponsors/ctavan"
            ],
            "license": "MIT",
            "bin": {
                "uuid": "dist/bin/uuid"
            }
        },
        "node_modules/web-tree-sitter": {
            "version": "0.22.6",
            "resolved": "https://registry.npmmirror.com/web-tree-sitter/-/web-tree-sitter-0.22.6.tgz",
            "integrity": "sha512-hS87TH71Zd6mGAmYCvlgxeGDjqd9GTeqXNqTT+u0Gs51uIozNIaaq/kUAbV/Zf56jb2ZOyG8BxZs2GG9wbLi6Q==",
            "license": "MIT"
        }
    }
}
